// !$*UTF8*$!
{
	archiveVersion = 1;
	classes = {
	};
	objectVersion = 50;
	objects = {

/* Begin PBXBuildFile section */
		4DADE868241A659A006B4A43 /* JokeView.swift in Sources */ = {isa = PBXBuildFile; fileRef = 4DADE867241A659A006B4A43 /* JokeView.swift */; };
		4DADE86B241A8876006B4A43 /* ViewConfiguration.swift in Sources */ = {isa = PBXBuildFile; fileRef = 4DADE86A241A8876006B4A43 /* ViewConfiguration.swift */; };
		4DADE86D241A8B8B006B4A43 /* Dynamic.swift in Sources */ = {isa = PBXBuildFile; fileRef = 4DADE86C241A8B8B006B4A43 /* Dynamic.swift */; };
		4DADE86F241A8E1C006B4A43 /* UIViewController+Extension.swift in Sources */ = {isa = PBXBuildFile; fileRef = 4DADE86E241A8E1C006B4A43 /* UIViewController+Extension.swift */; };
		4DADE871241A9272006B4A43 /* Joke.swift in Sources */ = {isa = PBXBuildFile; fileRef = 4DADE870241A9272006B4A43 /* Joke.swift */; };
		4DADE873241A9689006B4A43 /* String+Localization.swift in Sources */ = {isa = PBXBuildFile; fileRef = 4DADE872241A9689006B4A43 /* String+Localization.swift */; };
		4DADE875241A96CC006B4A43 /* Localizable.strings in Resources */ = {isa = PBXBuildFile; fileRef = 4DADE874241A96CC006B4A43 /* Localizable.strings */; };
		4DADE877241AA812006B4A43 /* ConfigurationConstants.swift in Sources */ = {isa = PBXBuildFile; fileRef = 4DADE876241AA812006B4A43 /* ConfigurationConstants.swift */; };
		4DE7D2392419195600BF9142 /* AppDelegate.swift in Sources */ = {isa = PBXBuildFile; fileRef = 4DE7D2382419195600BF9142 /* AppDelegate.swift */; };
		4DE7D23B2419195600BF9142 /* SceneDelegate.swift in Sources */ = {isa = PBXBuildFile; fileRef = 4DE7D23A2419195600BF9142 /* SceneDelegate.swift */; };
		4DE7D2422419195C00BF9142 /* Assets.xcassets in Resources */ = {isa = PBXBuildFile; fileRef = 4DE7D2412419195C00BF9142 /* Assets.xcassets */; };
		4DE7D2452419195C00BF9142 /* LaunchScreen.storyboard in Resources */ = {isa = PBXBuildFile; fileRef = 4DE7D2432419195C00BF9142 /* LaunchScreen.storyboard */; };
		4DE7D2502419195D00BF9142 /* RandomNorrisTests.swift in Sources */ = {isa = PBXBuildFile; fileRef = 4DE7D24F2419195D00BF9142 /* RandomNorrisTests.swift */; };
		4DE7D25B2419195D00BF9142 /* RandomNorrisUITests.swift in Sources */ = {isa = PBXBuildFile; fileRef = 4DE7D25A2419195D00BF9142 /* RandomNorrisUITests.swift */; };
		4DE7D26E24196ABF00BF9142 /* JokeViewController.swift in Sources */ = {isa = PBXBuildFile; fileRef = 4DE7D26C24196ABF00BF9142 /* JokeViewController.swift */; };
		4DE7D27124196FD100BF9142 /* NetworkManagerProtocol.swift in Sources */ = {isa = PBXBuildFile; fileRef = 4DE7D27024196FD100BF9142 /* NetworkManagerProtocol.swift */; };
		4DE7D27324196FEA00BF9142 /* RequestConfiguration.swift in Sources */ = {isa = PBXBuildFile; fileRef = 4DE7D27224196FEA00BF9142 /* RequestConfiguration.swift */; };
		4DE7D2752419700700BF9142 /* NetworkManager.swift in Sources */ = {isa = PBXBuildFile; fileRef = 4DE7D2742419700700BF9142 /* NetworkManager.swift */; };
		4DE7D2772419701500BF9142 /* NetworkError.swift in Sources */ = {isa = PBXBuildFile; fileRef = 4DE7D2762419701500BF9142 /* NetworkError.swift */; };
		4DE7D2792419703600BF9142 /* NetworkRoute.swift in Sources */ = {isa = PBXBuildFile; fileRef = 4DE7D2782419703600BF9142 /* NetworkRoute.swift */; };
		4DE7D27D241970EB00BF9142 /* URLComponents+Extension.swift in Sources */ = {isa = PBXBuildFile; fileRef = 4DE7D27C241970EB00BF9142 /* URLComponents+Extension.swift */; };
		4DE7D27F2419710D00BF9142 /* Data+Extension.swift in Sources */ = {isa = PBXBuildFile; fileRef = 4DE7D27E2419710D00BF9142 /* Data+Extension.swift */; };
		4DE7D281241971EF00BF9142 /* JokeViewModel.swift in Sources */ = {isa = PBXBuildFile; fileRef = 4DE7D280241971EF00BF9142 /* JokeViewModel.swift */; };
		4DE7D283241972B100BF9142 /* JokeService.swift in Sources */ = {isa = PBXBuildFile; fileRef = 4DE7D282241972B100BF9142 /* JokeService.swift */; };
		4DE7D2852419730800BF9142 /* JokeRoute.swift in Sources */ = {isa = PBXBuildFile; fileRef = 4DE7D2842419730800BF9142 /* JokeRoute.swift */; };
		4DE7D2882419743800BF9142 /* JokeResponse.swift in Sources */ = {isa = PBXBuildFile; fileRef = 4DE7D2872419743800BF9142 /* JokeResponse.swift */; };
/* End PBXBuildFile section */

/* Begin PBXContainerItemProxy section */
		4DE7D24C2419195D00BF9142 /* PBXContainerItemProxy */ = {
			isa = PBXContainerItemProxy;
			containerPortal = 4DE7D22D2419195500BF9142 /* Project object */;
			proxyType = 1;
			remoteGlobalIDString = 4DE7D2342419195600BF9142;
			remoteInfo = RandomNorris;
		};
		4DE7D2572419195D00BF9142 /* PBXContainerItemProxy */ = {
			isa = PBXContainerItemProxy;
			containerPortal = 4DE7D22D2419195500BF9142 /* Project object */;
			proxyType = 1;
			remoteGlobalIDString = 4DE7D2342419195600BF9142;
			remoteInfo = RandomNorris;
		};
/* End PBXContainerItemProxy section */

/* Begin PBXFileReference section */
		4DADE867241A659A006B4A43 /* JokeView.swift */ = {isa = PBXFileReference; lastKnownFileType = sourcecode.swift; path = JokeView.swift; sourceTree = "<group>"; };
		4DADE86A241A8876006B4A43 /* ViewConfiguration.swift */ = {isa = PBXFileReference; lastKnownFileType = sourcecode.swift; path = ViewConfiguration.swift; sourceTree = "<group>"; };
		4DADE86C241A8B8B006B4A43 /* Dynamic.swift */ = {isa = PBXFileReference; lastKnownFileType = sourcecode.swift; path = Dynamic.swift; sourceTree = "<group>"; };
		4DADE86E241A8E1C006B4A43 /* UIViewController+Extension.swift */ = {isa = PBXFileReference; lastKnownFileType = sourcecode.swift; path = "UIViewController+Extension.swift"; sourceTree = "<group>"; };
		4DADE870241A9272006B4A43 /* Joke.swift */ = {isa = PBXFileReference; lastKnownFileType = sourcecode.swift; path = Joke.swift; sourceTree = "<group>"; };
		4DADE872241A9689006B4A43 /* String+Localization.swift */ = {isa = PBXFileReference; lastKnownFileType = sourcecode.swift; path = "String+Localization.swift"; sourceTree = "<group>"; };
		4DADE874241A96CC006B4A43 /* Localizable.strings */ = {isa = PBXFileReference; lastKnownFileType = text.plist.strings; path = Localizable.strings; sourceTree = "<group>"; };
		4DADE876241AA812006B4A43 /* ConfigurationConstants.swift */ = {isa = PBXFileReference; lastKnownFileType = sourcecode.swift; path = ConfigurationConstants.swift; sourceTree = "<group>"; };
		4DE7D2352419195600BF9142 /* RandomNorris.app */ = {isa = PBXFileReference; explicitFileType = wrapper.application; includeInIndex = 0; path = RandomNorris.app; sourceTree = BUILT_PRODUCTS_DIR; };
		4DE7D2382419195600BF9142 /* AppDelegate.swift */ = {isa = PBXFileReference; lastKnownFileType = sourcecode.swift; name = AppDelegate.swift; path = ../AppDelegate.swift; sourceTree = "<group>"; };
		4DE7D23A2419195600BF9142 /* SceneDelegate.swift */ = {isa = PBXFileReference; lastKnownFileType = sourcecode.swift; name = SceneDelegate.swift; path = ../SceneDelegate.swift; sourceTree = "<group>"; };
		4DE7D2412419195C00BF9142 /* Assets.xcassets */ = {isa = PBXFileReference; lastKnownFileType = folder.assetcatalog; path = Assets.xcassets; sourceTree = "<group>"; };
		4DE7D2442419195C00BF9142 /* Base */ = {isa = PBXFileReference; lastKnownFileType = file.storyboard; name = Base; path = Base.lproj/LaunchScreen.storyboard; sourceTree = "<group>"; };
		4DE7D2462419195C00BF9142 /* Info.plist */ = {isa = PBXFileReference; lastKnownFileType = text.plist.xml; path = Info.plist; sourceTree = "<group>"; };
		4DE7D24B2419195D00BF9142 /* RandomNorrisTests.xctest */ = {isa = PBXFileReference; explicitFileType = wrapper.cfbundle; includeInIndex = 0; path = RandomNorrisTests.xctest; sourceTree = BUILT_PRODUCTS_DIR; };
		4DE7D24F2419195D00BF9142 /* RandomNorrisTests.swift */ = {isa = PBXFileReference; lastKnownFileType = sourcecode.swift; path = RandomNorrisTests.swift; sourceTree = "<group>"; };
		4DE7D2512419195D00BF9142 /* Info.plist */ = {isa = PBXFileReference; lastKnownFileType = text.plist.xml; path = Info.plist; sourceTree = "<group>"; };
		4DE7D2562419195D00BF9142 /* RandomNorrisUITests.xctest */ = {isa = PBXFileReference; explicitFileType = wrapper.cfbundle; includeInIndex = 0; path = RandomNorrisUITests.xctest; sourceTree = BUILT_PRODUCTS_DIR; };
		4DE7D25A2419195D00BF9142 /* RandomNorrisUITests.swift */ = {isa = PBXFileReference; lastKnownFileType = sourcecode.swift; path = RandomNorrisUITests.swift; sourceTree = "<group>"; };
		4DE7D25C2419195D00BF9142 /* Info.plist */ = {isa = PBXFileReference; lastKnownFileType = text.plist.xml; path = Info.plist; sourceTree = "<group>"; };
		4DE7D26C24196ABF00BF9142 /* JokeViewController.swift */ = {isa = PBXFileReference; lastKnownFileType = sourcecode.swift; path = JokeViewController.swift; sourceTree = "<group>"; };
		4DE7D27024196FD100BF9142 /* NetworkManagerProtocol.swift */ = {isa = PBXFileReference; lastKnownFileType = sourcecode.swift; path = NetworkManagerProtocol.swift; sourceTree = "<group>"; };
		4DE7D27224196FEA00BF9142 /* RequestConfiguration.swift */ = {isa = PBXFileReference; lastKnownFileType = sourcecode.swift; path = RequestConfiguration.swift; sourceTree = "<group>"; };
		4DE7D2742419700700BF9142 /* NetworkManager.swift */ = {isa = PBXFileReference; lastKnownFileType = sourcecode.swift; path = NetworkManager.swift; sourceTree = "<group>"; };
		4DE7D2762419701500BF9142 /* NetworkError.swift */ = {isa = PBXFileReference; lastKnownFileType = sourcecode.swift; path = NetworkError.swift; sourceTree = "<group>"; };
		4DE7D2782419703600BF9142 /* NetworkRoute.swift */ = {isa = PBXFileReference; lastKnownFileType = sourcecode.swift; path = NetworkRoute.swift; sourceTree = "<group>"; };
		4DE7D27C241970EB00BF9142 /* URLComponents+Extension.swift */ = {isa = PBXFileReference; lastKnownFileType = sourcecode.swift; path = "URLComponents+Extension.swift"; sourceTree = "<group>"; };
		4DE7D27E2419710D00BF9142 /* Data+Extension.swift */ = {isa = PBXFileReference; lastKnownFileType = sourcecode.swift; path = "Data+Extension.swift"; sourceTree = "<group>"; };
		4DE7D280241971EF00BF9142 /* JokeViewModel.swift */ = {isa = PBXFileReference; lastKnownFileType = sourcecode.swift; path = JokeViewModel.swift; sourceTree = "<group>"; };
		4DE7D282241972B100BF9142 /* JokeService.swift */ = {isa = PBXFileReference; lastKnownFileType = sourcecode.swift; path = JokeService.swift; sourceTree = "<group>"; };
		4DE7D2842419730800BF9142 /* JokeRoute.swift */ = {isa = PBXFileReference; lastKnownFileType = sourcecode.swift; path = JokeRoute.swift; sourceTree = "<group>"; };
		4DE7D2872419743800BF9142 /* JokeResponse.swift */ = {isa = PBXFileReference; lastKnownFileType = sourcecode.swift; path = JokeResponse.swift; sourceTree = "<group>"; };
/* End PBXFileReference section */

/* Begin PBXFrameworksBuildPhase section */
		4DE7D2322419195600BF9142 /* Frameworks */ = {
			isa = PBXFrameworksBuildPhase;
			buildActionMask = 2147483647;
			files = (
			);
			runOnlyForDeploymentPostprocessing = 0;
		};
		4DE7D2482419195D00BF9142 /* Frameworks */ = {
			isa = PBXFrameworksBuildPhase;
			buildActionMask = 2147483647;
			files = (
			);
			runOnlyForDeploymentPostprocessing = 0;
		};
		4DE7D2532419195D00BF9142 /* Frameworks */ = {
			isa = PBXFrameworksBuildPhase;
			buildActionMask = 2147483647;
			files = (
			);
			runOnlyForDeploymentPostprocessing = 0;
		};
/* End PBXFrameworksBuildPhase section */

/* Begin PBXGroup section */
		4DADE869241A8869006B4A43 /* Utils */ = {
			isa = PBXGroup;
			children = (
				4DADE876241AA812006B4A43 /* ConfigurationConstants.swift */,
				4DADE86C241A8B8B006B4A43 /* Dynamic.swift */,
				4DADE86A241A8876006B4A43 /* ViewConfiguration.swift */,
			);
			path = Utils;
			sourceTree = "<group>";
		};
		4DADE878241AABF7006B4A43 /* Joke */ = {
			isa = PBXGroup;
			children = (
				4DE7D282241972B100BF9142 /* JokeService.swift */,
				4DADE867241A659A006B4A43 /* JokeView.swift */,
				4DE7D26C24196ABF00BF9142 /* JokeViewController.swift */,
				4DE7D280241971EF00BF9142 /* JokeViewModel.swift */,
			);
			path = Joke;
			sourceTree = "<group>";
		};
		4DE7D22C2419195500BF9142 = {
			isa = PBXGroup;
			children = (
				4DE7D2372419195600BF9142 /* RandomNorris */,
				4DE7D24E2419195D00BF9142 /* RandomNorrisTests */,
				4DE7D2592419195D00BF9142 /* RandomNorrisUITests */,
				4DE7D2362419195600BF9142 /* Products */,
			);
			sourceTree = "<group>";
		};
		4DE7D2362419195600BF9142 /* Products */ = {
			isa = PBXGroup;
			children = (
				4DE7D2352419195600BF9142 /* RandomNorris.app */,
				4DE7D24B2419195D00BF9142 /* RandomNorrisTests.xctest */,
				4DE7D2562419195D00BF9142 /* RandomNorrisUITests.xctest */,
			);
			name = Products;
			sourceTree = "<group>";
		};
		4DE7D2372419195600BF9142 /* RandomNorris */ = {
			isa = PBXGroup;
			children = (
				4DE7D26824191A8D00BF9142 /* Application */,
				4DE7D27B241970E100BF9142 /* Extensions */,
				4DE7D2862419734B00BF9142 /* Models */,
				4DE7D26A24195ADA00BF9142 /* Network */,
				4DE7D26924191AAA00BF9142 /* Resources */,
				4DE7D26B24195AF300BF9142 /* Scenes */,
				4DADE869241A8869006B4A43 /* Utils */,
			);
			path = RandomNorris;
			sourceTree = "<group>";
		};
		4DE7D24E2419195D00BF9142 /* RandomNorrisTests */ = {
			isa = PBXGroup;
			children = (
				4DE7D24F2419195D00BF9142 /* RandomNorrisTests.swift */,
				4DE7D2512419195D00BF9142 /* Info.plist */,
			);
			path = RandomNorrisTests;
			sourceTree = "<group>";
		};
		4DE7D2592419195D00BF9142 /* RandomNorrisUITests */ = {
			isa = PBXGroup;
			children = (
				4DE7D25A2419195D00BF9142 /* RandomNorrisUITests.swift */,
				4DE7D25C2419195D00BF9142 /* Info.plist */,
			);
			path = RandomNorrisUITests;
			sourceTree = "<group>";
		};
		4DE7D26824191A8D00BF9142 /* Application */ = {
			isa = PBXGroup;
			children = (
				4DE7D2382419195600BF9142 /* AppDelegate.swift */,
				4DE7D23A2419195600BF9142 /* SceneDelegate.swift */,
				4DE7D2462419195C00BF9142 /* Info.plist */,
			);
			path = Application;
			sourceTree = "<group>";
		};
		4DE7D26924191AAA00BF9142 /* Resources */ = {
			isa = PBXGroup;
			children = (
				4DE7D2412419195C00BF9142 /* Assets.xcassets */,
				4DE7D2432419195C00BF9142 /* LaunchScreen.storyboard */,
				4DADE874241A96CC006B4A43 /* Localizable.strings */,
			);
			path = Resources;
			sourceTree = "<group>";
		};
		4DE7D26A24195ADA00BF9142 /* Network */ = {
			isa = PBXGroup;
			children = (
				4DE7D2762419701500BF9142 /* NetworkError.swift */,
				4DE7D2742419700700BF9142 /* NetworkManager.swift */,
				4DE7D27024196FD100BF9142 /* NetworkManagerProtocol.swift */,
				4DE7D2782419703600BF9142 /* NetworkRoute.swift */,
				4DE7D27224196FEA00BF9142 /* RequestConfiguration.swift */,
				4DE7D27A2419706100BF9142 /* Routes */,
			);
			path = Network;
			sourceTree = "<group>";
		};
		4DE7D26B24195AF300BF9142 /* Scenes */ = {
			isa = PBXGroup;
			children = (
				4DADE878241AABF7006B4A43 /* Joke */,
			);
			path = Scenes;
			sourceTree = "<group>";
		};
		4DE7D27A2419706100BF9142 /* Routes */ = {
			isa = PBXGroup;
			children = (
				4DE7D2842419730800BF9142 /* JokeRoute.swift */,
			);
			path = Routes;
			sourceTree = "<group>";
		};
		4DE7D27B241970E100BF9142 /* Extensions */ = {
			isa = PBXGroup;
			children = (
				4DE7D27E2419710D00BF9142 /* Data+Extension.swift */,
				4DADE872241A9689006B4A43 /* String+Localization.swift */,
				4DADE86E241A8E1C006B4A43 /* UIViewController+Extension.swift */,
				4DE7D27C241970EB00BF9142 /* URLComponents+Extension.swift */,
			);
			path = Extensions;
			sourceTree = "<group>";
		};
		4DE7D2862419734B00BF9142 /* Models */ = {
			isa = PBXGroup;
			children = (
				4DADE870241A9272006B4A43 /* Joke.swift */,
				4DE7D2872419743800BF9142 /* JokeResponse.swift */,
			);
			path = Models;
			sourceTree = "<group>";
		};
/* End PBXGroup section */

/* Begin PBXNativeTarget section */
		4DE7D2342419195600BF9142 /* RandomNorris */ = {
			isa = PBXNativeTarget;
			buildConfigurationList = 4DE7D25F2419195D00BF9142 /* Build configuration list for PBXNativeTarget "RandomNorris" */;
			buildPhases = (
				4DE7D2312419195600BF9142 /* Sources */,
				4DE7D2322419195600BF9142 /* Frameworks */,
				4DE7D2332419195600BF9142 /* Resources */,
			);
			buildRules = (
			);
			dependencies = (
			);
			name = RandomNorris;
			productName = RandomNorris;
			productReference = 4DE7D2352419195600BF9142 /* RandomNorris.app */;
			productType = "com.apple.product-type.application";
		};
		4DE7D24A2419195D00BF9142 /* RandomNorrisTests */ = {
			isa = PBXNativeTarget;
			buildConfigurationList = 4DE7D2622419195D00BF9142 /* Build configuration list for PBXNativeTarget "RandomNorrisTests" */;
			buildPhases = (
				4DE7D2472419195D00BF9142 /* Sources */,
				4DE7D2482419195D00BF9142 /* Frameworks */,
				4DE7D2492419195D00BF9142 /* Resources */,
			);
			buildRules = (
			);
			dependencies = (
				4DE7D24D2419195D00BF9142 /* PBXTargetDependency */,
			);
			name = RandomNorrisTests;
			productName = RandomNorrisTests;
			productReference = 4DE7D24B2419195D00BF9142 /* RandomNorrisTests.xctest */;
			productType = "com.apple.product-type.bundle.unit-test";
		};
		4DE7D2552419195D00BF9142 /* RandomNorrisUITests */ = {
			isa = PBXNativeTarget;
			buildConfigurationList = 4DE7D2652419195D00BF9142 /* Build configuration list for PBXNativeTarget "RandomNorrisUITests" */;
			buildPhases = (
				4DE7D2522419195D00BF9142 /* Sources */,
				4DE7D2532419195D00BF9142 /* Frameworks */,
				4DE7D2542419195D00BF9142 /* Resources */,
			);
			buildRules = (
			);
			dependencies = (
				4DE7D2582419195D00BF9142 /* PBXTargetDependency */,
			);
			name = RandomNorrisUITests;
			productName = RandomNorrisUITests;
			productReference = 4DE7D2562419195D00BF9142 /* RandomNorrisUITests.xctest */;
			productType = "com.apple.product-type.bundle.ui-testing";
		};
/* End PBXNativeTarget section */

/* Begin PBXProject section */
		4DE7D22D2419195500BF9142 /* Project object */ = {
			isa = PBXProject;
			attributes = {
				LastSwiftUpdateCheck = 1130;
				LastUpgradeCheck = 1130;
				ORGANIZATIONNAME = Siqueira;
				TargetAttributes = {
					4DE7D2342419195600BF9142 = {
						CreatedOnToolsVersion = 11.3.1;
					};
					4DE7D24A2419195D00BF9142 = {
						CreatedOnToolsVersion = 11.3.1;
						TestTargetID = 4DE7D2342419195600BF9142;
					};
					4DE7D2552419195D00BF9142 = {
						CreatedOnToolsVersion = 11.3.1;
						TestTargetID = 4DE7D2342419195600BF9142;
					};
				};
			};
			buildConfigurationList = 4DE7D2302419195500BF9142 /* Build configuration list for PBXProject "RandomNorris" */;
			compatibilityVersion = "Xcode 9.3";
			developmentRegion = en;
			hasScannedForEncodings = 0;
			knownRegions = (
				en,
				Base,
			);
			mainGroup = 4DE7D22C2419195500BF9142;
			productRefGroup = 4DE7D2362419195600BF9142 /* Products */;
			projectDirPath = "";
			projectRoot = "";
			targets = (
				4DE7D2342419195600BF9142 /* RandomNorris */,
				4DE7D24A2419195D00BF9142 /* RandomNorrisTests */,
				4DE7D2552419195D00BF9142 /* RandomNorrisUITests */,
			);
		};
/* End PBXProject section */

/* Begin PBXResourcesBuildPhase section */
		4DE7D2332419195600BF9142 /* Resources */ = {
			isa = PBXResourcesBuildPhase;
			buildActionMask = 2147483647;
			files = (
				4DE7D2452419195C00BF9142 /* LaunchScreen.storyboard in Resources */,
				4DADE875241A96CC006B4A43 /* Localizable.strings in Resources */,
				4DE7D2422419195C00BF9142 /* Assets.xcassets in Resources */,
			);
			runOnlyForDeploymentPostprocessing = 0;
		};
		4DE7D2492419195D00BF9142 /* Resources */ = {
			isa = PBXResourcesBuildPhase;
			buildActionMask = 2147483647;
			files = (
			);
			runOnlyForDeploymentPostprocessing = 0;
		};
		4DE7D2542419195D00BF9142 /* Resources */ = {
			isa = PBXResourcesBuildPhase;
			buildActionMask = 2147483647;
			files = (
			);
			runOnlyForDeploymentPostprocessing = 0;
		};
/* End PBXResourcesBuildPhase section */

/* Begin PBXSourcesBuildPhase section */
		4DE7D2312419195600BF9142 /* Sources */ = {
			isa = PBXSourcesBuildPhase;
			buildActionMask = 2147483647;
			files = (
				4DADE86F241A8E1C006B4A43 /* UIViewController+Extension.swift in Sources */,
				4DE7D2752419700700BF9142 /* NetworkManager.swift in Sources */,
				4DE7D2392419195600BF9142 /* AppDelegate.swift in Sources */,
				4DE7D2772419701500BF9142 /* NetworkError.swift in Sources */,
				4DE7D23B2419195600BF9142 /* SceneDelegate.swift in Sources */,
				4DADE877241AA812006B4A43 /* ConfigurationConstants.swift in Sources */,
				4DE7D27D241970EB00BF9142 /* URLComponents+Extension.swift in Sources */,
				4DADE86B241A8876006B4A43 /* ViewConfiguration.swift in Sources */,
				4DE7D2852419730800BF9142 /* JokeRoute.swift in Sources */,
				4DE7D2882419743800BF9142 /* JokeResponse.swift in Sources */,
				4DE7D27F2419710D00BF9142 /* Data+Extension.swift in Sources */,
				4DE7D283241972B100BF9142 /* JokeService.swift in Sources */,
				4DADE86D241A8B8B006B4A43 /* Dynamic.swift in Sources */,
				4DE7D281241971EF00BF9142 /* JokeViewModel.swift in Sources */,
				4DADE868241A659A006B4A43 /* JokeView.swift in Sources */,
				4DE7D27124196FD100BF9142 /* NetworkManagerProtocol.swift in Sources */,
				4DE7D27324196FEA00BF9142 /* RequestConfiguration.swift in Sources */,
				4DADE871241A9272006B4A43 /* Joke.swift in Sources */,
				4DE7D2792419703600BF9142 /* NetworkRoute.swift in Sources */,
				4DE7D26E24196ABF00BF9142 /* JokeViewController.swift in Sources */,
				4DADE873241A9689006B4A43 /* String+Localization.swift in Sources */,
			);
			runOnlyForDeploymentPostprocessing = 0;
		};
		4DE7D2472419195D00BF9142 /* Sources */ = {
			isa = PBXSourcesBuildPhase;
			buildActionMask = 2147483647;
			files = (
				4DE7D2502419195D00BF9142 /* RandomNorrisTests.swift in Sources */,
			);
			runOnlyForDeploymentPostprocessing = 0;
		};
		4DE7D2522419195D00BF9142 /* Sources */ = {
			isa = PBXSourcesBuildPhase;
			buildActionMask = 2147483647;
			files = (
				4DE7D25B2419195D00BF9142 /* RandomNorrisUITests.swift in Sources */,
			);
			runOnlyForDeploymentPostprocessing = 0;
		};
/* End PBXSourcesBuildPhase section */

/* Begin PBXTargetDependency section */
		4DE7D24D2419195D00BF9142 /* PBXTargetDependency */ = {
			isa = PBXTargetDependency;
			target = 4DE7D2342419195600BF9142 /* RandomNorris */;
			targetProxy = 4DE7D24C2419195D00BF9142 /* PBXContainerItemProxy */;
		};
		4DE7D2582419195D00BF9142 /* PBXTargetDependency */ = {
			isa = PBXTargetDependency;
			target = 4DE7D2342419195600BF9142 /* RandomNorris */;
			targetProxy = 4DE7D2572419195D00BF9142 /* PBXContainerItemProxy */;
		};
/* End PBXTargetDependency section */

/* Begin PBXVariantGroup section */
		4DE7D2432419195C00BF9142 /* LaunchScreen.storyboard */ = {
			isa = PBXVariantGroup;
			children = (
				4DE7D2442419195C00BF9142 /* Base */,
			);
			name = LaunchScreen.storyboard;
			sourceTree = "<group>";
		};
/* End PBXVariantGroup section */

/* Begin XCBuildConfiguration section */
		4DE7D25D2419195D00BF9142 /* Debug */ = {
			isa = XCBuildConfiguration;
			buildSettings = {
				ALWAYS_SEARCH_USER_PATHS = NO;
				CLANG_ANALYZER_NONNULL = YES;
				CLANG_ANALYZER_NUMBER_OBJECT_CONVERSION = YES_AGGRESSIVE;
				CLANG_CXX_LANGUAGE_STANDARD = "gnu++14";
				CLANG_CXX_LIBRARY = "libc++";
				CLANG_ENABLE_MODULES = YES;
				CLANG_ENABLE_OBJC_ARC = YES;
				CLANG_ENABLE_OBJC_WEAK = YES;
				CLANG_WARN_BLOCK_CAPTURE_AUTORELEASING = YES;
				CLANG_WARN_BOOL_CONVERSION = YES;
				CLANG_WARN_COMMA = YES;
				CLANG_WARN_CONSTANT_CONVERSION = YES;
				CLANG_WARN_DEPRECATED_OBJC_IMPLEMENTATIONS = YES;
				CLANG_WARN_DIRECT_OBJC_ISA_USAGE = YES_ERROR;
				CLANG_WARN_DOCUMENTATION_COMMENTS = YES;
				CLANG_WARN_EMPTY_BODY = YES;
				CLANG_WARN_ENUM_CONVERSION = YES;
				CLANG_WARN_INFINITE_RECURSION = YES;
				CLANG_WARN_INT_CONVERSION = YES;
				CLANG_WARN_NON_LITERAL_NULL_CONVERSION = YES;
				CLANG_WARN_OBJC_IMPLICIT_RETAIN_SELF = YES;
				CLANG_WARN_OBJC_LITERAL_CONVERSION = YES;
				CLANG_WARN_OBJC_ROOT_CLASS = YES_ERROR;
				CLANG_WARN_RANGE_LOOP_ANALYSIS = YES;
				CLANG_WARN_STRICT_PROTOTYPES = YES;
				CLANG_WARN_SUSPICIOUS_MOVE = YES;
				CLANG_WARN_UNGUARDED_AVAILABILITY = YES_AGGRESSIVE;
				CLANG_WARN_UNREACHABLE_CODE = YES;
				CLANG_WARN__DUPLICATE_METHOD_MATCH = YES;
				COPY_PHASE_STRIP = NO;
				DEBUG_INFORMATION_FORMAT = dwarf;
				ENABLE_STRICT_OBJC_MSGSEND = YES;
				ENABLE_TESTABILITY = YES;
				GCC_C_LANGUAGE_STANDARD = gnu11;
				GCC_DYNAMIC_NO_PIC = NO;
				GCC_NO_COMMON_BLOCKS = YES;
				GCC_OPTIMIZATION_LEVEL = 0;
				GCC_PREPROCESSOR_DEFINITIONS = (
					"DEBUG=1",
					"$(inherited)",
				);
				GCC_WARN_64_TO_32_BIT_CONVERSION = YES;
				GCC_WARN_ABOUT_RETURN_TYPE = YES_ERROR;
				GCC_WARN_UNDECLARED_SELECTOR = YES;
				GCC_WARN_UNINITIALIZED_AUTOS = YES_AGGRESSIVE;
				GCC_WARN_UNUSED_FUNCTION = YES;
				GCC_WARN_UNUSED_VARIABLE = YES;
				IPHONEOS_DEPLOYMENT_TARGET = 13.2;
				MTL_ENABLE_DEBUG_INFO = INCLUDE_SOURCE;
				MTL_FAST_MATH = YES;
				ONLY_ACTIVE_ARCH = YES;
				SDKROOT = iphoneos;
				SWIFT_ACTIVE_COMPILATION_CONDITIONS = DEBUG;
				SWIFT_OPTIMIZATION_LEVEL = "-Onone";
			};
			name = Debug;
		};
		4DE7D25E2419195D00BF9142 /* Release */ = {
			isa = XCBuildConfiguration;
			buildSettings = {
				ALWAYS_SEARCH_USER_PATHS = NO;
				CLANG_ANALYZER_NONNULL = YES;
				CLANG_ANALYZER_NUMBER_OBJECT_CONVERSION = YES_AGGRESSIVE;
				CLANG_CXX_LANGUAGE_STANDARD = "gnu++14";
				CLANG_CXX_LIBRARY = "libc++";
				CLANG_ENABLE_MODULES = YES;
				CLANG_ENABLE_OBJC_ARC = YES;
				CLANG_ENABLE_OBJC_WEAK = YES;
				CLANG_WARN_BLOCK_CAPTURE_AUTORELEASING = YES;
				CLANG_WARN_BOOL_CONVERSION = YES;
				CLANG_WARN_COMMA = YES;
				CLANG_WARN_CONSTANT_CONVERSION = YES;
				CLANG_WARN_DEPRECATED_OBJC_IMPLEMENTATIONS = YES;
				CLANG_WARN_DIRECT_OBJC_ISA_USAGE = YES_ERROR;
				CLANG_WARN_DOCUMENTATION_COMMENTS = YES;
				CLANG_WARN_EMPTY_BODY = YES;
				CLANG_WARN_ENUM_CONVERSION = YES;
				CLANG_WARN_INFINITE_RECURSION = YES;
				CLANG_WARN_INT_CONVERSION = YES;
				CLANG_WARN_NON_LITERAL_NULL_CONVERSION = YES;
				CLANG_WARN_OBJC_IMPLICIT_RETAIN_SELF = YES;
				CLANG_WARN_OBJC_LITERAL_CONVERSION = YES;
				CLANG_WARN_OBJC_ROOT_CLASS = YES_ERROR;
				CLANG_WARN_RANGE_LOOP_ANALYSIS = YES;
				CLANG_WARN_STRICT_PROTOTYPES = YES;
				CLANG_WARN_SUSPICIOUS_MOVE = YES;
				CLANG_WARN_UNGUARDED_AVAILABILITY = YES_AGGRESSIVE;
				CLANG_WARN_UNREACHABLE_CODE = YES;
				CLANG_WARN__DUPLICATE_METHOD_MATCH = YES;
				COPY_PHASE_STRIP = NO;
				DEBUG_INFORMATION_FORMAT = "dwarf-with-dsym";
				ENABLE_NS_ASSERTIONS = NO;
				ENABLE_STRICT_OBJC_MSGSEND = YES;
				GCC_C_LANGUAGE_STANDARD = gnu11;
				GCC_NO_COMMON_BLOCKS = YES;
				GCC_WARN_64_TO_32_BIT_CONVERSION = YES;
				GCC_WARN_ABOUT_RETURN_TYPE = YES_ERROR;
				GCC_WARN_UNDECLARED_SELECTOR = YES;
				GCC_WARN_UNINITIALIZED_AUTOS = YES_AGGRESSIVE;
				GCC_WARN_UNUSED_FUNCTION = YES;
				GCC_WARN_UNUSED_VARIABLE = YES;
				IPHONEOS_DEPLOYMENT_TARGET = 13.2;
				MTL_ENABLE_DEBUG_INFO = NO;
				MTL_FAST_MATH = YES;
				SDKROOT = iphoneos;
				SWIFT_COMPILATION_MODE = wholemodule;
				SWIFT_OPTIMIZATION_LEVEL = "-O";
				VALIDATE_PRODUCT = YES;
			};
			name = Release;
		};
		4DE7D2602419195D00BF9142 /* Debug */ = {
			isa = XCBuildConfiguration;
			buildSettings = {
				ASSETCATALOG_COMPILER_APPICON_NAME = AppIcon;
				CODE_SIGN_STYLE = Automatic;
				DEVELOPMENT_TEAM = 95JV778GN4;
				INFOPLIST_FILE = RandomNorris/Application/Info.plist;
				LD_RUNPATH_SEARCH_PATHS = (
					"$(inherited)",
					"@executable_path/Frameworks",
				);
				PRODUCT_BUNDLE_IDENTIFIER = com.siqueira.RandomNorris;
				PRODUCT_NAME = "$(TARGET_NAME)";
				SWIFT_VERSION = 5.0;
				TARGETED_DEVICE_FAMILY = 1;
			};
			name = Debug;
		};
		4DE7D2612419195D00BF9142 /* Release */ = {
			isa = XCBuildConfiguration;
			buildSettings = {
				ASSETCATALOG_COMPILER_APPICON_NAME = AppIcon;
				CODE_SIGN_STYLE = Automatic;
				DEVELOPMENT_TEAM = 95JV778GN4;
				INFOPLIST_FILE = RandomNorris/Application/Info.plist;
				LD_RUNPATH_SEARCH_PATHS = (
					"$(inherited)",
					"@executable_path/Frameworks",
				);
				PRODUCT_BUNDLE_IDENTIFIER = com.siqueira.RandomNorris;
				PRODUCT_NAME = "$(TARGET_NAME)";
				SWIFT_VERSION = 5.0;
				TARGETED_DEVICE_FAMILY = 1;
			};
			name = Release;
		};
		4DE7D2632419195D00BF9142 /* Debug */ = {
			isa = XCBuildConfiguration;
			buildSettings = {
				ALWAYS_EMBED_SWIFT_STANDARD_LIBRARIES = YES;
				BUNDLE_LOADER = "$(TEST_HOST)";
				CODE_SIGN_STYLE = Automatic;
				DEVELOPMENT_TEAM = 95JV778GN4;
				INFOPLIST_FILE = RandomNorrisTests/Info.plist;
				IPHONEOS_DEPLOYMENT_TARGET = 13.2;
				LD_RUNPATH_SEARCH_PATHS = (
					"$(inherited)",
					"@executable_path/Frameworks",
					"@loader_path/Frameworks",
				);
				PRODUCT_BUNDLE_IDENTIFIER = com.siqueira.RandomNorrisTests;
				PRODUCT_NAME = "$(TARGET_NAME)";
				SWIFT_VERSION = 5.0;
				TARGETED_DEVICE_FAMILY = "1,2";
				TEST_HOST = "$(BUILT_PRODUCTS_DIR)/RandomNorris.app/RandomNorris";
			};
			name = Debug;
		};
		4DE7D2642419195D00BF9142 /* Release */ = {
			isa = XCBuildConfiguration;
			buildSettings = {
				ALWAYS_EMBED_SWIFT_STANDARD_LIBRARIES = YES;
				BUNDLE_LOADER = "$(TEST_HOST)";
				CODE_SIGN_STYLE = Automatic;
				DEVELOPMENT_TEAM = 95JV778GN4;
				INFOPLIST_FILE = RandomNorrisTests/Info.plist;
				IPHONEOS_DEPLOYMENT_TARGET = 13.2;
				LD_RUNPATH_SEARCH_PATHS = (
					"$(inherited)",
					"@executable_path/Frameworks",
					"@loader_path/Frameworks",
				);
				PRODUCT_BUNDLE_IDENTIFIER = com.siqueira.RandomNorrisTests;
				PRODUCT_NAME = "$(TARGET_NAME)";
				SWIFT_VERSION = 5.0;
				TARGETED_DEVICE_FAMILY = "1,2";
				TEST_HOST = "$(BUILT_PRODUCTS_DIR)/RandomNorris.app/RandomNorris";
			};
			name = Release;
		};
		4DE7D2662419195D00BF9142 /* Debug */ = {
			isa = XCBuildConfiguration;
			buildSettings = {
				ALWAYS_EMBED_SWIFT_STANDARD_LIBRARIES = YES;
				CODE_SIGN_STYLE = Automatic;
				DEVELOPMENT_TEAM = 95JV778GN4;
				INFOPLIST_FILE = RandomNorrisUITests/Info.plist;
				LD_RUNPATH_SEARCH_PATHS = (
					"$(inherited)",
					"@executable_path/Frameworks",
					"@loader_path/Frameworks",
				);
				PRODUCT_BUNDLE_IDENTIFIER = com.siqueira.RandomNorrisUITests;
				PRODUCT_NAME = "$(TARGET_NAME)";
				SWIFT_VERSION = 5.0;
				TARGETED_DEVICE_FAMILY = "1,2";
				TEST_TARGET_NAME = RandomNorris;
			};
			name = Debug;
		};
		4DE7D2672419195D00BF9142 /* Release */ = {
			isa = XCBuildConfiguration;
			buildSettings = {
				ALWAYS_EMBED_SWIFT_STANDARD_LIBRARIES = YES;
				CODE_SIGN_STYLE = Automatic;
				DEVELOPMENT_TEAM = 95JV778GN4;
				INFOPLIST_FILE = RandomNorrisUITests/Info.plist;
				LD_RUNPATH_SEARCH_PATHS = (
					"$(inherited)",
					"@executable_path/Frameworks",
					"@loader_path/Frameworks",
				);
				PRODUCT_BUNDLE_IDENTIFIER = com.siqueira.RandomNorrisUITests;
				PRODUCT_NAME = "$(TARGET_NAME)";
				SWIFT_VERSION = 5.0;
				TARGETED_DEVICE_FAMILY = "1,2";
				TEST_TARGET_NAME = RandomNorris;
			};
			name = Release;
		};
/* End XCBuildConfiguration section */

/* Begin XCConfigurationList section */
		4DE7D2302419195500BF9142 /* Build configuration list for PBXProject "RandomNorris" */ = {
			isa = XCConfigurationList;
			buildConfigurations = (
				4DE7D25D2419195D00BF9142 /* Debug */,
				4DE7D25E2419195D00BF9142 /* Release */,
			);
			defaultConfigurationIsVisible = 0;
			defaultConfigurationName = Release;
		};
		4DE7D25F2419195D00BF9142 /* Build configuration list for PBXNativeTarget "RandomNorris" */ = {
			isa = XCConfigurationList;
			buildConfigurations = (
				4DE7D2602419195D00BF9142 /* Debug */,
				4DE7D2612419195D00BF9142 /* Release */,
			);
			defaultConfigurationIsVisible = 0;
			defaultConfigurationName = Release;
		};
		4DE7D2622419195D00BF9142 /* Build configuration list for PBXNativeTarget "RandomNorrisTests" */ = {
			isa = XCConfigurationList;
			buildConfigurations = (
				4DE7D2632419195D00BF9142 /* Debug */,
				4DE7D2642419195D00BF9142 /* Release */,
			);
			defaultConfigurationIsVisible = 0;
			defaultConfigurationName = Release;
		};
		4DE7D2652419195D00BF9142 /* Build configuration list for PBXNativeTarget "RandomNorrisUITests" */ = {
			isa = XCConfigurationList;
			buildConfigurations = (
				4DE7D2662419195D00BF9142 /* Debug */,
				4DE7D2672419195D00BF9142 /* Release */,
			);
			defaultConfigurationIsVisible = 0;
			defaultConfigurationName = Release;
		};
/* End XCConfigurationList section */
	};
	rootObject = 4DE7D22D2419195500BF9142 /* Project object */;
}
